
Microsoft Visual Studio Solution File, Format Version 12.00
# Visual Studio Version 16
VisualStudioVersion = 16.0.31205.134
MinimumVisualStudioVersion = 10.0.40219.1
Project("{FAE04EC0-301F-11D3-BF4B-00C04F79EFBC}") = "FileSplit", "FileSplit\FileSplit.csproj", "{C129036E-AFFF-4FC0-B8D2-3B939E461C51}"
EndProject
Project("{FAE04EC0-301F-11D3-BF4B-00C04F79EFBC}") = "FileSplit.Interfaces", "FileSplit.Interfaces\FileSplit.Interfaces.csproj", "{814B3CE9-0F31-44ED-BCE9-80A12D26C2C6}"
EndProject
Project("{FAE04EC0-301F-11D3-BF4B-00C04F79EFBC}") = "FileSplit.CSV", "FileSplit.CSV\FileSplit.CSV.csproj", "{3B8CA987-6E08-4DC1-B267-BAE5396F3755}"
EndProject
Project("{FAE04EC0-301F-11D3-BF4B-00C04F79EFBC}") = "PSC.UWP.Common", "PSC.UWP.Common\PSC.UWP.Common.csproj", "{10DA0F73-8AB3-438E-8A25-B7CA13CC2D0F}"
EndProject
Project("{FAE04EC0-301F-11D3-BF4B-00C04F79EFBC}") = "FileSplit.Excel", "FileSplit.Excel\FileSplit.Excel.csproj", "{C88A4262-8071-4E0C-BF44-F2BC4A469EE0}"
EndProject
Global
	GlobalSection(SolutionConfigurationPlatforms) = preSolution
		Debug|Any CPU = Debug|Any CPU
		Debug|ARM = Debug|ARM
		Debug|ARM64 = Debug|ARM64
		Debug|x64 = Debug|x64
		Debug|x86 = Debug|x86
		Release|Any CPU = Release|Any CPU
		Release|ARM = Release|ARM
		Release|ARM64 = Release|ARM64
		Release|x64 = Release|x64
		Release|x86 = Release|x86
	EndGlobalSection
	GlobalSection(ProjectConfigurationPlatforms) = postSolution
		{C129036E-AFFF-4FC0-B8D2-3B939E461C51}.Debug|Any CPU.ActiveCfg = Debug|x86
		{C129036E-AFFF-4FC0-B8D2-3B939E461C51}.Debug|ARM.ActiveCfg = Debug|ARM
		{C129036E-AFFF-4FC0-B8D2-3B939E461C51}.Debug|ARM.Build.0 = Debug|ARM
		{C129036E-AFFF-4FC0-B8D2-3B939E461C51}.Debug|ARM.Deploy.0 = Debug|ARM
		{C129036E-AFFF-4FC0-B8D2-3B939E461C51}.Debug|ARM64.ActiveCfg = Debug|ARM64
		{C129036E-AFFF-4FC0-B8D2-3B939E461C51}.Debug|ARM64.Build.0 = Debug|ARM64
		{C129036E-AFFF-4FC0-B8D2-3B939E461C51}.Debug|ARM64.Deploy.0 = Debug|ARM64
		{C129036E-AFFF-4FC0-B8D2-3B939E461C51}.Debug|x64.ActiveCfg = Debug|x64
		{C129036E-AFFF-4FC0-B8D2-3B939E461C51}.Debug|x64.Build.0 = Debug|x64
		{C129036E-AFFF-4FC0-B8D2-3B939E461C51}.Debug|x64.Deploy.0 = Debug|x64
		{C129036E-AFFF-4FC0-B8D2-3B939E461C51}.Debug|x86.ActiveCfg = Debug|x86
		{C129036E-AFFF-4FC0-B8D2-3B939E461C51}.Debug|x86.Build.0 = Debug|x86
		{C129036E-AFFF-4FC0-B8D2-3B939E461C51}.Debug|x86.Deploy.0 = Debug|x86
		{C129036E-AFFF-4FC0-B8D2-3B939E461C51}.Release|Any CPU.ActiveCfg = Release|x86
		{C129036E-AFFF-4FC0-B8D2-3B939E461C51}.Release|ARM.ActiveCfg = Release|ARM
		{C129036E-AFFF-4FC0-B8D2-3B939E461C51}.Release|ARM.Build.0 = Release|ARM
		{C129036E-AFFF-4FC0-B8D2-3B939E461C51}.Release|ARM.Deploy.0 = Release|ARM
		{C129036E-AFFF-4FC0-B8D2-3B939E461C51}.Release|ARM64.ActiveCfg = Release|ARM64
		{C129036E-AFFF-4FC0-B8D2-3B939E461C51}.Release|ARM64.Build.0 = Release|ARM64
		{C129036E-AFFF-4FC0-B8D2-3B939E461C51}.Release|ARM64.Deploy.0 = Release|ARM64
		{C129036E-AFFF-4FC0-B8D2-3B939E461C51}.Release|x64.ActiveCfg = Release|x64
		{C129036E-AFFF-4FC0-B8D2-3B939E461C51}.Release|x64.Build.0 = Release|x64
		{C129036E-AFFF-4FC0-B8D2-3B939E461C51}.Release|x64.Deploy.0 = Release|x64
		{C129036E-AFFF-4FC0-B8D2-3B939E461C51}.Release|x86.ActiveCfg = Release|x86
		{C129036E-AFFF-4FC0-B8D2-3B939E461C51}.Release|x86.Build.0 = Release|x86
		{C129036E-AFFF-4FC0-B8D2-3B939E461C51}.Release|x86.Deploy.0 = Release|x86
		{814B3CE9-0F31-44ED-BCE9-80A12D26C2C6}.Debug|Any CPU.ActiveCfg = Debug|Any CPU
		{814B3CE9-0F31-44ED-BCE9-80A12D26C2C6}.Debug|Any CPU.Build.0 = Debug|Any CPU
		{814B3CE9-0F31-44ED-BCE9-80A12D26C2C6}.Debug|ARM.ActiveCfg = Debug|ARM
		{814B3CE9-0F31-44ED-BCE9-80A12D26C2C6}.Debug|ARM.Build.0 = Debug|ARM
		{814B3CE9-0F31-44ED-BCE9-80A12D26C2C6}.Debug|ARM64.ActiveCfg = Debug|ARM64
		{814B3CE9-0F31-44ED-BCE9-80A12D26C2C6}.Debug|ARM64.Build.0 = Debug|ARM64
		{814B3CE9-0F31-44ED-BCE9-80A12D26C2C6}.Debug|x64.ActiveCfg = Debug|x64
		{814B3CE9-0F31-44ED-BCE9-80A12D26C2C6}.Debug|x64.Build.0 = Debug|x64
		{814B3CE9-0F31-44ED-BCE9-80A12D26C2C6}.Debug|x86.ActiveCfg = Debug|x86
		{814B3CE9-0F31-44ED-BCE9-80A12D26C2C6}.Debug|x86.Build.0 = Debug|x86
		{814B3CE9-0F31-44ED-BCE9-80A12D26C2C6}.Release|Any CPU.ActiveCfg = Release|Any CPU
		{814B3CE9-0F31-44ED-BCE9-80A12D26C2C6}.Release|Any CPU.Build.0 = Release|Any CPU
		{814B3CE9-0F31-44ED-BCE9-80A12D26C2C6}.Release|ARM.ActiveCfg = Release|ARM
		{814B3CE9-0F31-44ED-BCE9-80A12D26C2C6}.Release|ARM.Build.0 = Release|ARM
		{814B3CE9-0F31-44ED-BCE9-80A12D26C2C6}.Release|ARM64.ActiveCfg = Release|ARM64
		{814B3CE9-0F31-44ED-BCE9-80A12D26C2C6}.Release|ARM64.Build.0 = Release|ARM64
		{814B3CE9-0F31-44ED-BCE9-80A12D26C2C6}.Release|x64.ActiveCfg = Release|x64
		{814B3CE9-0F31-44ED-BCE9-80A12D26C2C6}.Release|x64.Build.0 = Release|x64
		{814B3CE9-0F31-44ED-BCE9-80A12D26C2C6}.Release|x86.ActiveCfg = Release|x86
		{814B3CE9-0F31-44ED-BCE9-80A12D26C2C6}.Release|x86.Build.0 = Release|x86
		{3B8CA987-6E08-4DC1-B267-BAE5396F3755}.Debug|Any CPU.ActiveCfg = Debug|Any CPU
		{3B8CA987-6E08-4DC1-B267-BAE5396F3755}.Debug|Any CPU.Build.0 = Debug|Any CPU
		{3B8CA987-6E08-4DC1-B267-BAE5396F3755}.Debug|ARM.ActiveCfg = Debug|ARM
		{3B8CA987-6E08-4DC1-B267-BAE5396F3755}.Debug|ARM.Build.0 = Debug|ARM
		{3B8CA987-6E08-4DC1-B267-BAE5396F3755}.Debug|ARM64.ActiveCfg = Debug|ARM64
		{3B8CA987-6E08-4DC1-B267-BAE5396F3755}.Debug|ARM64.Build.0 = Debug|ARM64
		{3B8CA987-6E08-4DC1-B267-BAE5396F3755}.Debug|x64.ActiveCfg = Debug|x64
		{3B8CA987-6E08-4DC1-B267-BAE5396F3755}.Debug|x64.Build.0 = Debug|x64
		{3B8CA987-6E08-4DC1-B267-BAE5396F3755}.Debug|x86.ActiveCfg = Debug|x86
		{3B8CA987-6E08-4DC1-B267-BAE5396F3755}.Debug|x86.Build.0 = Debug|x86
		{3B8CA987-6E08-4DC1-B267-BAE5396F3755}.Release|Any CPU.ActiveCfg = Release|Any CPU
		{3B8CA987-6E08-4DC1-B267-BAE5396F3755}.Release|Any CPU.Build.0 = Release|Any CPU
		{3B8CA987-6E08-4DC1-B267-BAE5396F3755}.Release|ARM.ActiveCfg = Release|ARM
		{3B8CA987-6E08-4DC1-B267-BAE5396F3755}.Release|ARM.Build.0 = Release|ARM
		{3B8CA987-6E08-4DC1-B267-BAE5396F3755}.Release|ARM64.ActiveCfg = Release|ARM64
		{3B8CA987-6E08-4DC1-B267-BAE5396F3755}.Release|ARM64.Build.0 = Release|ARM64
		{3B8CA987-6E08-4DC1-B267-BAE5396F3755}.Release|x64.ActiveCfg = Release|x64
		{3B8CA987-6E08-4DC1-B267-BAE5396F3755}.Release|x64.Build.0 = Release|x64
		{3B8CA987-6E08-4DC1-B267-BAE5396F3755}.Release|x86.ActiveCfg = Release|x86
		{3B8CA987-6E08-4DC1-B267-BAE5396F3755}.Release|x86.Build.0 = Release|x86
		{10DA0F73-8AB3-438E-8A25-B7CA13CC2D0F}.Debug|Any CPU.ActiveCfg = Debug|Any CPU
		{10DA0F73-8AB3-438E-8A25-B7CA13CC2D0F}.Debug|Any CPU.Build.0 = Debug|Any CPU
		{10DA0F73-8AB3-438E-8A25-B7CA13CC2D0F}.Debug|ARM.ActiveCfg = Debug|ARM
		{10DA0F73-8AB3-438E-8A25-B7CA13CC2D0F}.Debug|ARM.Build.0 = Debug|ARM
		{10DA0F73-8AB3-438E-8A25-B7CA13CC2D0F}.Debug|ARM64.ActiveCfg = Debug|ARM64
		{10DA0F73-8AB3-438E-8A25-B7CA13CC2D0F}.Debug|ARM64.Build.0 = Debug|ARM64
		{10DA0F73-8AB3-438E-8A25-B7CA13CC2D0F}.Debug|x64.ActiveCfg = Debug|x64
		{10DA0F73-8AB3-438E-8A25-B7CA13CC2D0F}.Debug|x64.Build.0 = Debug|x64
		{10DA0F73-8AB3-438E-8A25-B7CA13CC2D0F}.Debug|x86.ActiveCfg = Debug|x86
		{10DA0F73-8AB3-438E-8A25-B7CA13CC2D0F}.Debug|x86.Build.0 = Debug|x86
		{10DA0F73-8AB3-438E-8A25-B7CA13CC2D0F}.Release|Any CPU.ActiveCfg = Release|Any CPU
		{10DA0F73-8AB3-438E-8A25-B7CA13CC2D0F}.Release|Any CPU.Build.0 = Release|Any CPU
		{10DA0F73-8AB3-438E-8A25-B7CA13CC2D0F}.Release|ARM.ActiveCfg = Release|ARM
		{10DA0F73-8AB3-438E-8A25-B7CA13CC2D0F}.Release|ARM.Build.0 = Release|ARM
		{10DA0F73-8AB3-438E-8A25-B7CA13CC2D0F}.Release|ARM64.ActiveCfg = Release|ARM64
		{10DA0F73-8AB3-438E-8A25-B7CA13CC2D0F}.Release|ARM64.Build.0 = Release|ARM64
		{10DA0F73-8AB3-438E-8A25-B7CA13CC2D0F}.Release|x64.ActiveCfg = Release|x64
		{10DA0F73-8AB3-438E-8A25-B7CA13CC2D0F}.Release|x64.Build.0 = Release|x64
		{10DA0F73-8AB3-438E-8A25-B7CA13CC2D0F}.Release|x86.ActiveCfg = Release|x86
		{10DA0F73-8AB3-438E-8A25-B7CA13CC2D0F}.Release|x86.Build.0 = Release|x86
		{C88A4262-8071-4E0C-BF44-F2BC4A469EE0}.Debug|Any CPU.ActiveCfg = Debug|Any CPU
		{C88A4262-8071-4E0C-BF44-F2BC4A469EE0}.Debug|Any CPU.Build.0 = Debug|Any CPU
		{C88A4262-8071-4E0C-BF44-F2BC4A469EE0}.Debug|ARM.ActiveCfg = Debug|ARM
		{C88A4262-8071-4E0C-BF44-F2BC4A469EE0}.Debug|ARM.Build.0 = Debug|ARM
		{C88A4262-8071-4E0C-BF44-F2BC4A469EE0}.Debug|ARM64.ActiveCfg = Debug|ARM64
		{C88A4262-8071-4E0C-BF44-F2BC4A469EE0}.Debug|ARM64.Build.0 = Debug|ARM64
		{C88A4262-8071-4E0C-BF44-F2BC4A469EE0}.Debug|x64.ActiveCfg = Debug|x64
		{C88A4262-8071-4E0C-BF44-F2BC4A469EE0}.Debug|x64.Build.0 = Debug|x64
		{C88A4262-8071-4E0C-BF44-F2BC4A469EE0}.Debug|x86.ActiveCfg = Debug|x86
		{C88A4262-8071-4E0C-BF44-F2BC4A469EE0}.Debug|x86.Build.0 = Debug|x86
		{C88A4262-8071-4E0C-BF44-F2BC4A469EE0}.Release|Any CPU.ActiveCfg = Release|Any CPU
		{C88A4262-8071-4E0C-BF44-F2BC4A469EE0}.Release|Any CPU.Build.0 = Release|Any CPU
		{C88A4262-8071-4E0C-BF44-F2BC4A469EE0}.Release|ARM.ActiveCfg = Release|ARM
		{C88A4262-8071-4E0C-BF44-F2BC4A469EE0}.Release|ARM.Build.0 = Release|ARM
		{C88A4262-8071-4E0C-BF44-F2BC4A469EE0}.Release|ARM64.ActiveCfg = Release|ARM64
		{C88A4262-8071-4E0C-BF44-F2BC4A469EE0}.Release|ARM64.Build.0 = Release|ARM64
		{C88A4262-8071-4E0C-BF44-F2BC4A469EE0}.Release|x64.ActiveCfg = Release|x64
		{C88A4262-8071-4E0C-BF44-F2BC4A469EE0}.Release|x64.Build.0 = Release|x64
		{C88A4262-8071-4E0C-BF44-F2BC4A469EE0}.Release|x86.ActiveCfg = Release|x86
		{C88A4262-8071-4E0C-BF44-F2BC4A469EE0}.Release|x86.Build.0 = Release|x86
	EndGlobalSection
	GlobalSection(SolutionProperties) = preSolution
		HideSolutionNode = FALSE
	EndGlobalSection
	GlobalSection(ExtensibilityGlobals) = postSolution
		SolutionGuid = {C23125AB-DE62-4E51-9E45-AE8FF1860623}
	EndGlobalSection
EndGlobal
